
Microsoft Visual Studio Solution File, Format Version 12.00
# Visual Studio Version 17
VisualStudioVersion = 17.13.35919.96
MinimumVisualStudioVersion = 10.0.40219.1
Project("{FAE04EC0-301F-11D3-BF4B-00C04F79EFBC}") = "Lab1", "Lab1\Lab1.csproj", "{46C4AC60-8342-45A3-A862-03D9268E937D}"
EndProject
Project("{FAE04EC0-301F-11D3-BF4B-00C04F79EFBC}") = "Lab1Cl", "Lab1Cl\Lab1Cl.csproj", "{294B3C24-273A-4712-9C90-F40C5903C8AE}"
EndProject
Project("{F184B08F-C81C-45F6-A57F-5ABD9991F28F}") = "Lab1Vb", "Lab1Vb\Lab1Vb.vbproj", "{0B0236F4-38EE-4D91-9074-FA88EB30EBC6}"
EndProject
Project("{FAE04EC0-301F-11D3-BF4B-00C04F79EFBC}") = "Lab2", "Lab2\Lab2.csproj", "{475E448D-66A5-4235-A999-614CC5888DB6}"
EndProject
Project("{FAE04EC0-301F-11D3-BF4B-00C04F79EFBC}") = "Lab3", "Lab3\Lab3.csproj", "{7B8D37C3-656E-4605-BECC-63926358E3C6}"
EndProject
Project("{FAE04EC0-301F-11D3-BF4B-00C04F79EFBC}") = "Lab36", "Lab36\Lab36.csproj", "{8EDFC8BD-CBF2-4647-BBEB-F613B85526B8}"
EndProject
Project("{FAE04EC0-301F-11D3-BF4B-00C04F79EFBC}") = "Lab35", "Lab35\Lab35.csproj", "{A7B7010F-4BD3-446A-A032-079E23C11DCF}"
EndProject
Project("{FAE04EC0-301F-11D3-BF4B-00C04F79EFBC}") = "Lab32", "Lab32\Lab32.csproj", "{592C7A5C-4B48-4837-907E-7FDA16E37AB9}"
EndProject
Project("{FAE04EC0-301F-11D3-BF4B-00C04F79EFBC}") = "Lab5", "Lab5\Lab5.csproj", "{7C1EAD94-37BE-4711-A2FC-BB9E9F447A75}"
EndProject
Project("{FAE04EC0-301F-11D3-BF4B-00C04F79EFBC}") = "Lab6", "Lab6\Lab6.csproj", "{A3428947-D78D-4487-91C2-7F0D2E9AC399}"
EndProject
Project("{FAE04EC0-301F-11D3-BF4B-00C04F79EFBC}") = "Lab4", "Lab4\Lab4.csproj", "{2F31BFCC-A42F-4D4A-BDBD-536537DB3D37}"
EndProject
Project("{FAE04EC0-301F-11D3-BF4B-00C04F79EFBC}") = "Lab34", "Lab34\Lab34.csproj", "{1B3B5AD0-3A36-79D5-1E3F-550EE837BE73}"
EndProject
Project("{8BC9CEB8-8B4A-11D0-8D11-00A0C91BC942}") = "Lab4Dll", "Lab4Dll\Lab6Dll.vcxproj", "{FB6CDDB0-EFCE-49B7-A8FE-2B6F352F3C81}"
EndProject
Global
	GlobalSection(SolutionConfigurationPlatforms) = preSolution
		Debug|Any CPU = Debug|Any CPU
		Debug|x64 = Debug|x64
		Debug|x86 = Debug|x86
		Release|Any CPU = Release|Any CPU
		Release|x64 = Release|x64
		Release|x86 = Release|x86
	EndGlobalSection
	GlobalSection(ProjectConfigurationPlatforms) = postSolution
		{46C4AC60-8342-45A3-A862-03D9268E937D}.Debug|Any CPU.ActiveCfg = Debug|Any CPU
		{46C4AC60-8342-45A3-A862-03D9268E937D}.Debug|Any CPU.Build.0 = Debug|Any CPU
		{46C4AC60-8342-45A3-A862-03D9268E937D}.Debug|x64.ActiveCfg = Debug|Any CPU
		{46C4AC60-8342-45A3-A862-03D9268E937D}.Debug|x64.Build.0 = Debug|Any CPU
		{46C4AC60-8342-45A3-A862-03D9268E937D}.Debug|x86.ActiveCfg = Debug|Any CPU
		{46C4AC60-8342-45A3-A862-03D9268E937D}.Debug|x86.Build.0 = Debug|Any CPU
		{46C4AC60-8342-45A3-A862-03D9268E937D}.Release|Any CPU.ActiveCfg = Release|Any CPU
		{46C4AC60-8342-45A3-A862-03D9268E937D}.Release|Any CPU.Build.0 = Release|Any CPU
		{46C4AC60-8342-45A3-A862-03D9268E937D}.Release|x64.ActiveCfg = Release|Any CPU
		{46C4AC60-8342-45A3-A862-03D9268E937D}.Release|x64.Build.0 = Release|Any CPU
		{46C4AC60-8342-45A3-A862-03D9268E937D}.Release|x86.ActiveCfg = Release|Any CPU
		{46C4AC60-8342-45A3-A862-03D9268E937D}.Release|x86.Build.0 = Release|Any CPU
		{294B3C24-273A-4712-9C90-F40C5903C8AE}.Debug|Any CPU.ActiveCfg = Debug|Any CPU
		{294B3C24-273A-4712-9C90-F40C5903C8AE}.Debug|Any CPU.Build.0 = Debug|Any CPU
		{294B3C24-273A-4712-9C90-F40C5903C8AE}.Debug|x64.ActiveCfg = Debug|Any CPU
		{294B3C24-273A-4712-9C90-F40C5903C8AE}.Debug|x64.Build.0 = Debug|Any CPU
		{294B3C24-273A-4712-9C90-F40C5903C8AE}.Debug|x86.ActiveCfg = Debug|Any CPU
		{294B3C24-273A-4712-9C90-F40C5903C8AE}.Debug|x86.Build.0 = Debug|Any CPU
		{294B3C24-273A-4712-9C90-F40C5903C8AE}.Release|Any CPU.ActiveCfg = Release|Any CPU
		{294B3C24-273A-4712-9C90-F40C5903C8AE}.Release|Any CPU.Build.0 = Release|Any CPU
		{294B3C24-273A-4712-9C90-F40C5903C8AE}.Release|x64.ActiveCfg = Release|Any CPU
		{294B3C24-273A-4712-9C90-F40C5903C8AE}.Release|x64.Build.0 = Release|Any CPU
		{294B3C24-273A-4712-9C90-F40C5903C8AE}.Release|x86.ActiveCfg = Release|Any CPU
		{294B3C24-273A-4712-9C90-F40C5903C8AE}.Release|x86.Build.0 = Release|Any CPU
		{0B0236F4-38EE-4D91-9074-FA88EB30EBC6}.Debug|Any CPU.ActiveCfg = Debug|Any CPU
		{0B0236F4-38EE-4D91-9074-FA88EB30EBC6}.Debug|Any CPU.Build.0 = Debug|Any CPU
		{0B0236F4-38EE-4D91-9074-FA88EB30EBC6}.Debug|x64.ActiveCfg = Debug|Any CPU
		{0B0236F4-38EE-4D91-9074-FA88EB30EBC6}.Debug|x64.Build.0 = Debug|Any CPU
		{0B0236F4-38EE-4D91-9074-FA88EB30EBC6}.Debug|x86.ActiveCfg = Debug|Any CPU
		{0B0236F4-38EE-4D91-9074-FA88EB30EBC6}.Debug|x86.Build.0 = Debug|Any CPU
		{0B0236F4-38EE-4D91-9074-FA88EB30EBC6}.Release|Any CPU.ActiveCfg = Release|Any CPU
		{0B0236F4-38EE-4D91-9074-FA88EB30EBC6}.Release|Any CPU.Build.0 = Release|Any CPU
		{0B0236F4-38EE-4D91-9074-FA88EB30EBC6}.Release|x64.ActiveCfg = Release|Any CPU
		{0B0236F4-38EE-4D91-9074-FA88EB30EBC6}.Release|x64.Build.0 = Release|Any CPU
		{0B0236F4-38EE-4D91-9074-FA88EB30EBC6}.Release|x86.ActiveCfg = Release|Any CPU
		{0B0236F4-38EE-4D91-9074-FA88EB30EBC6}.Release|x86.Build.0 = Release|Any CPU
		{475E448D-66A5-4235-A999-614CC5888DB6}.Debug|Any CPU.ActiveCfg = Debug|Any CPU
		{475E448D-66A5-4235-A999-614CC5888DB6}.Debug|Any CPU.Build.0 = Debug|Any CPU
		{475E448D-66A5-4235-A999-614CC5888DB6}.Debug|x64.ActiveCfg = Debug|Any CPU
		{475E448D-66A5-4235-A999-614CC5888DB6}.Debug|x64.Build.0 = Debug|Any CPU
		{475E448D-66A5-4235-A999-614CC5888DB6}.Debug|x86.ActiveCfg = Debug|Any CPU
		{475E448D-66A5-4235-A999-614CC5888DB6}.Debug|x86.Build.0 = Debug|Any CPU
		{475E448D-66A5-4235-A999-614CC5888DB6}.Release|Any CPU.ActiveCfg = Release|Any CPU
		{475E448D-66A5-4235-A999-614CC5888DB6}.Release|Any CPU.Build.0 = Release|Any CPU
		{475E448D-66A5-4235-A999-614CC5888DB6}.Release|x64.ActiveCfg = Release|Any CPU
		{475E448D-66A5-4235-A999-614CC5888DB6}.Release|x64.Build.0 = Release|Any CPU
		{475E448D-66A5-4235-A999-614CC5888DB6}.Release|x86.ActiveCfg = Release|Any CPU
		{475E448D-66A5-4235-A999-614CC5888DB6}.Release|x86.Build.0 = Release|Any CPU
		{7B8D37C3-656E-4605-BECC-63926358E3C6}.Debug|Any CPU.ActiveCfg = Debug|Any CPU
		{7B8D37C3-656E-4605-BECC-63926358E3C6}.Debug|Any CPU.Build.0 = Debug|Any CPU
		{7B8D37C3-656E-4605-BECC-63926358E3C6}.Debug|x64.ActiveCfg = Debug|Any CPU
		{7B8D37C3-656E-4605-BECC-63926358E3C6}.Debug|x64.Build.0 = Debug|Any CPU
		{7B8D37C3-656E-4605-BECC-63926358E3C6}.Debug|x86.ActiveCfg = Debug|Any CPU
		{7B8D37C3-656E-4605-BECC-63926358E3C6}.Debug|x86.Build.0 = Debug|Any CPU
		{7B8D37C3-656E-4605-BECC-63926358E3C6}.Release|Any CPU.ActiveCfg = Release|Any CPU
		{7B8D37C3-656E-4605-BECC-63926358E3C6}.Release|Any CPU.Build.0 = Release|Any CPU
		{7B8D37C3-656E-4605-BECC-63926358E3C6}.Release|x64.ActiveCfg = Release|Any CPU
		{7B8D37C3-656E-4605-BECC-63926358E3C6}.Release|x64.Build.0 = Release|Any CPU
		{7B8D37C3-656E-4605-BECC-63926358E3C6}.Release|x86.ActiveCfg = Release|Any CPU
		{7B8D37C3-656E-4605-BECC-63926358E3C6}.Release|x86.Build.0 = Release|Any CPU
		{8EDFC8BD-CBF2-4647-BBEB-F613B85526B8}.Debug|Any CPU.ActiveCfg = Debug|Any CPU
		{8EDFC8BD-CBF2-4647-BBEB-F613B85526B8}.Debug|Any CPU.Build.0 = Debug|Any CPU
		{8EDFC8BD-CBF2-4647-BBEB-F613B85526B8}.Debug|x64.ActiveCfg = Debug|Any CPU
		{8EDFC8BD-CBF2-4647-BBEB-F613B85526B8}.Debug|x64.Build.0 = Debug|Any CPU
		{8EDFC8BD-CBF2-4647-BBEB-F613B85526B8}.Debug|x86.ActiveCfg = Debug|Any CPU
		{8EDFC8BD-CBF2-4647-BBEB-F613B85526B8}.Debug|x86.Build.0 = Debug|Any CPU
		{8EDFC8BD-CBF2-4647-BBEB-F613B85526B8}.Release|Any CPU.ActiveCfg = Release|Any CPU
		{8EDFC8BD-CBF2-4647-BBEB-F613B85526B8}.Release|Any CPU.Build.0 = Release|Any CPU
		{8EDFC8BD-CBF2-4647-BBEB-F613B85526B8}.Release|x64.ActiveCfg = Release|Any CPU
		{8EDFC8BD-CBF2-4647-BBEB-F613B85526B8}.Release|x64.Build.0 = Release|Any CPU
		{8EDFC8BD-CBF2-4647-BBEB-F613B85526B8}.Release|x86.ActiveCfg = Release|Any CPU
		{8EDFC8BD-CBF2-4647-BBEB-F613B85526B8}.Release|x86.Build.0 = Release|Any CPU
		{A7B7010F-4BD3-446A-A032-079E23C11DCF}.Debug|Any CPU.ActiveCfg = Debug|Any CPU
		{A7B7010F-4BD3-446A-A032-079E23C11DCF}.Debug|Any CPU.Build.0 = Debug|Any CPU
		{A7B7010F-4BD3-446A-A032-079E23C11DCF}.Debug|x64.ActiveCfg = Debug|Any CPU
		{A7B7010F-4BD3-446A-A032-079E23C11DCF}.Debug|x64.Build.0 = Debug|Any CPU
		{A7B7010F-4BD3-446A-A032-079E23C11DCF}.Debug|x86.ActiveCfg = Debug|Any CPU
		{A7B7010F-4BD3-446A-A032-079E23C11DCF}.Debug|x86.Build.0 = Debug|Any CPU
		{A7B7010F-4BD3-446A-A032-079E23C11DCF}.Release|Any CPU.ActiveCfg = Release|Any CPU
		{A7B7010F-4BD3-446A-A032-079E23C11DCF}.Release|Any CPU.Build.0 = Release|Any CPU
		{A7B7010F-4BD3-446A-A032-079E23C11DCF}.Release|x64.ActiveCfg = Release|Any CPU
		{A7B7010F-4BD3-446A-A032-079E23C11DCF}.Release|x64.Build.0 = Release|Any CPU
		{A7B7010F-4BD3-446A-A032-079E23C11DCF}.Release|x86.ActiveCfg = Release|Any CPU
		{A7B7010F-4BD3-446A-A032-079E23C11DCF}.Release|x86.Build.0 = Release|Any CPU
		{592C7A5C-4B48-4837-907E-7FDA16E37AB9}.Debug|Any CPU.ActiveCfg = Debug|Any CPU
		{592C7A5C-4B48-4837-907E-7FDA16E37AB9}.Debug|Any CPU.Build.0 = Debug|Any CPU
		{592C7A5C-4B48-4837-907E-7FDA16E37AB9}.Debug|x64.ActiveCfg = Debug|Any CPU
		{592C7A5C-4B48-4837-907E-7FDA16E37AB9}.Debug|x64.Build.0 = Debug|Any CPU
		{592C7A5C-4B48-4837-907E-7FDA16E37AB9}.Debug|x86.ActiveCfg = Debug|Any CPU
		{592C7A5C-4B48-4837-907E-7FDA16E37AB9}.Debug|x86.Build.0 = Debug|Any CPU
		{592C7A5C-4B48-4837-907E-7FDA16E37AB9}.Release|Any CPU.ActiveCfg = Release|Any CPU
		{592C7A5C-4B48-4837-907E-7FDA16E37AB9}.Release|Any CPU.Build.0 = Release|Any CPU
		{592C7A5C-4B48-4837-907E-7FDA16E37AB9}.Release|x64.ActiveCfg = Release|Any CPU
		{592C7A5C-4B48-4837-907E-7FDA16E37AB9}.Release|x64.Build.0 = Release|Any CPU
		{592C7A5C-4B48-4837-907E-7FDA16E37AB9}.Release|x86.ActiveCfg = Release|Any CPU
		{592C7A5C-4B48-4837-907E-7FDA16E37AB9}.Release|x86.Build.0 = Release|Any CPU
		{7C1EAD94-37BE-4711-A2FC-BB9E9F447A75}.Debug|Any CPU.ActiveCfg = Debug|Any CPU
		{7C1EAD94-37BE-4711-A2FC-BB9E9F447A75}.Debug|Any CPU.Build.0 = Debug|Any CPU
		{7C1EAD94-37BE-4711-A2FC-BB9E9F447A75}.Debug|x64.ActiveCfg = Debug|Any CPU
		{7C1EAD94-37BE-4711-A2FC-BB9E9F447A75}.Debug|x64.Build.0 = Debug|Any CPU
		{7C1EAD94-37BE-4711-A2FC-BB9E9F447A75}.Debug|x86.ActiveCfg = Debug|Any CPU
		{7C1EAD94-37BE-4711-A2FC-BB9E9F447A75}.Debug|x86.Build.0 = Debug|Any CPU
		{7C1EAD94-37BE-4711-A2FC-BB9E9F447A75}.Release|Any CPU.ActiveCfg = Release|Any CPU
		{7C1EAD94-37BE-4711-A2FC-BB9E9F447A75}.Release|Any CPU.Build.0 = Release|Any CPU
		{7C1EAD94-37BE-4711-A2FC-BB9E9F447A75}.Release|x64.ActiveCfg = Release|Any CPU
		{7C1EAD94-37BE-4711-A2FC-BB9E9F447A75}.Release|x64.Build.0 = Release|Any CPU
		{7C1EAD94-37BE-4711-A2FC-BB9E9F447A75}.Release|x86.ActiveCfg = Release|Any CPU
		{7C1EAD94-37BE-4711-A2FC-BB9E9F447A75}.Release|x86.Build.0 = Release|Any CPU
		{A3428947-D78D-4487-91C2-7F0D2E9AC399}.Debug|Any CPU.ActiveCfg = Debug|Any CPU
		{A3428947-D78D-4487-91C2-7F0D2E9AC399}.Debug|Any CPU.Build.0 = Debug|Any CPU
		{A3428947-D78D-4487-91C2-7F0D2E9AC399}.Debug|x64.ActiveCfg = Debug|Any CPU
		{A3428947-D78D-4487-91C2-7F0D2E9AC399}.Debug|x64.Build.0 = Debug|Any CPU
		{A3428947-D78D-4487-91C2-7F0D2E9AC399}.Debug|x86.ActiveCfg = Debug|Any CPU
		{A3428947-D78D-4487-91C2-7F0D2E9AC399}.Debug|x86.Build.0 = Debug|Any CPU
		{A3428947-D78D-4487-91C2-7F0D2E9AC399}.Release|Any CPU.ActiveCfg = Release|Any CPU
		{A3428947-D78D-4487-91C2-7F0D2E9AC399}.Release|Any CPU.Build.0 = Release|Any CPU
		{A3428947-D78D-4487-91C2-7F0D2E9AC399}.Release|x64.ActiveCfg = Release|Any CPU
		{A3428947-D78D-4487-91C2-7F0D2E9AC399}.Release|x64.Build.0 = Release|Any CPU
		{A3428947-D78D-4487-91C2-7F0D2E9AC399}.Release|x86.ActiveCfg = Release|Any CPU
		{A3428947-D78D-4487-91C2-7F0D2E9AC399}.Release|x86.Build.0 = Release|Any CPU
		{2F31BFCC-A42F-4D4A-BDBD-536537DB3D37}.Debug|Any CPU.ActiveCfg = Debug|Any CPU
		{2F31BFCC-A42F-4D4A-BDBD-536537DB3D37}.Debug|Any CPU.Build.0 = Debug|Any CPU
		{2F31BFCC-A42F-4D4A-BDBD-536537DB3D37}.Debug|x64.ActiveCfg = Debug|Any CPU
		{2F31BFCC-A42F-4D4A-BDBD-536537DB3D37}.Debug|x64.Build.0 = Debug|Any CPU
		{2F31BFCC-A42F-4D4A-BDBD-536537DB3D37}.Debug|x86.ActiveCfg = Debug|Any CPU
		{2F31BFCC-A42F-4D4A-BDBD-536537DB3D37}.Debug|x86.Build.0 = Debug|Any CPU
		{2F31BFCC-A42F-4D4A-BDBD-536537DB3D37}.Release|Any CPU.ActiveCfg = Release|Any CPU
		{2F31BFCC-A42F-4D4A-BDBD-536537DB3D37}.Release|Any CPU.Build.0 = Release|Any CPU
		{2F31BFCC-A42F-4D4A-BDBD-536537DB3D37}.Release|x64.ActiveCfg = Release|Any CPU
		{2F31BFCC-A42F-4D4A-BDBD-536537DB3D37}.Release|x64.Build.0 = Release|Any CPU
		{2F31BFCC-A42F-4D4A-BDBD-536537DB3D37}.Release|x86.ActiveCfg = Release|Any CPU
		{2F31BFCC-A42F-4D4A-BDBD-536537DB3D37}.Release|x86.Build.0 = Release|Any CPU
		{1B3B5AD0-3A36-79D5-1E3F-550EE837BE73}.Debug|Any CPU.ActiveCfg = Debug|Any CPU
		{1B3B5AD0-3A36-79D5-1E3F-550EE837BE73}.Debug|Any CPU.Build.0 = Debug|Any CPU
		{1B3B5AD0-3A36-79D5-1E3F-550EE837BE73}.Debug|x64.ActiveCfg = Debug|Any CPU
		{1B3B5AD0-3A36-79D5-1E3F-550EE837BE73}.Debug|x64.Build.0 = Debug|Any CPU
		{1B3B5AD0-3A36-79D5-1E3F-550EE837BE73}.Debug|x86.ActiveCfg = Debug|Any CPU
		{1B3B5AD0-3A36-79D5-1E3F-550EE837BE73}.Debug|x86.Build.0 = Debug|Any CPU
		{1B3B5AD0-3A36-79D5-1E3F-550EE837BE73}.Release|Any CPU.ActiveCfg = Release|Any CPU
		{1B3B5AD0-3A36-79D5-1E3F-550EE837BE73}.Release|Any CPU.Build.0 = Release|Any CPU
		{1B3B5AD0-3A36-79D5-1E3F-550EE837BE73}.Release|x64.ActiveCfg = Release|Any CPU
		{1B3B5AD0-3A36-79D5-1E3F-550EE837BE73}.Release|x64.Build.0 = Release|Any CPU
		{1B3B5AD0-3A36-79D5-1E3F-550EE837BE73}.Release|x86.ActiveCfg = Release|Any CPU
		{1B3B5AD0-3A36-79D5-1E3F-550EE837BE73}.Release|x86.Build.0 = Release|Any CPU
		{FB6CDDB0-EFCE-49B7-A8FE-2B6F352F3C81}.Debug|Any CPU.ActiveCfg = Debug|x64
		{FB6CDDB0-EFCE-49B7-A8FE-2B6F352F3C81}.Debug|Any CPU.Build.0 = Debug|x64
		{FB6CDDB0-EFCE-49B7-A8FE-2B6F352F3C81}.Debug|x64.ActiveCfg = Debug|x64
		{FB6CDDB0-EFCE-49B7-A8FE-2B6F352F3C81}.Debug|x64.Build.0 = Debug|x64
		{FB6CDDB0-EFCE-49B7-A8FE-2B6F352F3C81}.Debug|x86.ActiveCfg = Debug|Win32
		{FB6CDDB0-EFCE-49B7-A8FE-2B6F352F3C81}.Debug|x86.Build.0 = Debug|Win32
		{FB6CDDB0-EFCE-49B7-A8FE-2B6F352F3C81}.Release|Any CPU.ActiveCfg = Release|x64
		{FB6CDDB0-EFCE-49B7-A8FE-2B6F352F3C81}.Release|Any CPU.Build.0 = Release|x64
		{FB6CDDB0-EFCE-49B7-A8FE-2B6F352F3C81}.Release|x64.ActiveCfg = Release|x64
		{FB6CDDB0-EFCE-49B7-A8FE-2B6F352F3C81}.Release|x64.Build.0 = Release|x64
		{FB6CDDB0-EFCE-49B7-A8FE-2B6F352F3C81}.Release|x86.ActiveCfg = Release|Win32
		{FB6CDDB0-EFCE-49B7-A8FE-2B6F352F3C81}.Release|x86.Build.0 = Release|Win32
	EndGlobalSection
	GlobalSection(SolutionProperties) = preSolution
		HideSolutionNode = FALSE
	EndGlobalSection
	GlobalSection(ExtensibilityGlobals) = postSolution
		SolutionGuid = {A8CA53E6-9A4A-440A-B4B8-BFD416322C15}
	EndGlobalSection
EndGlobal
